{
    "name": "xit",
    "version": "0.0.1",
    "lockfileVersion": 2,
    "requires": true,
    "packages": {
        "": {
            "name": "xit",
            "version": "0.0.1",
            "devDependencies": {
                "@types/node": "14.x",
                "@types/vscode": "^1.66.0",
                "typescript": "^4.5.5"
            },
            "engines": {
                "vscode": "^1.66.0"
            }
        },
        "node_modules/@types/node": {
            "version": "14.18.12",
            "resolved": "https://registry.npmjs.org/@types/node/-/node-14.18.12.tgz",
            "integrity": "sha512-q4jlIR71hUpWTnGhXWcakgkZeHa3CCjcQcnuzU8M891BAWA2jHiziiWEPEkdS5pFsz7H9HJiy8BrK7tBRNrY7A==",
            "dev": true
        },
        "node_modules/@types/vscode": {
            "version": "1.66.0",
            "resolved": "https://registry.npmjs.org/@types/vscode/-/vscode-1.66.0.tgz",
            "integrity": "sha512-ZfJck4M7nrGasfs4A4YbUoxis3Vu24cETw3DERsNYtDZmYSYtk6ljKexKFKhImO/ZmY6ZMsmegu2FPkXoUFImA==",
            "dev": true
        },
        "node_modules/typescript": {
            "version": "4.6.3",
            "resolved": "https://registry.npmjs.org/typescript/-/typescript-4.6.3.tgz",
            "integrity": "sha512-yNIatDa5iaofVozS/uQJEl3JRWLKKGJKh6Yaiv0GLGSuhpFJe7P3SbHZ8/yjAHRQwKRoA6YZqlfjXWmVzoVSMw==",
            "dev": true,
            "bin": {
                "tsc": "bin/tsc",
                "tsserver": "bin/tsserver"
            },
            "engines": {
                "node": ">=4.2.0"
            }
        }
    },
    "dependencies": {
        "@types/node": {
            "version": "14.18.12",
            "resolved": "https://registry.npmjs.org/@types/node/-/node-14.18.12.tgz",
            "integrity": "sha512-q4jlIR71hUpWTnGhXWcakgkZeHa3CCjcQcnuzU8M891BAWA2jHiziiWEPEkdS5pFsz7H9HJiy8BrK7tBRNrY7A==",
            "dev": true
        },
        "@types/vscode": {
            "version": "1.66.0",
            "resolved": "https://registry.npmjs.org/@types/vscode/-/vscode-1.66.0.tgz",
            "integrity": "sha512-ZfJck4M7nrGasfs4A4YbUoxis3Vu24cETw3DERsNYtDZmYSYtk6ljKexKFKhImO/ZmY6ZMsmegu2FPkXoUFImA==",
            "dev": true
        },
        "typescript": {
            "version": "4.6.3",
            "resolved": "https://registry.npmjs.org/typescript/-/typescript-4.6.3.tgz",
            "integrity": "sha512-yNIatDa5iaofVozS/uQJEl3JRWLKKGJKh6Yaiv0GLGSuhpFJe7P3SbHZ8/yjAHRQwKRoA6YZqlfjXWmVzoVSMw==",
            "dev": true
        }
    }
}
